version = 1
revision = 2
requires-python = ">=3.12"

[[package]]
name = "boto3"
version = "1.40.48"
source = { registry = "https://pypi.org/simple" }
dependencies = [
    { name = "botocore" },
    { name = "jmespath" },
    { name = "s3transfer" },
]
sdist = { url = "https://files.pythonhosted.org/packages/aa/32/187aa2a09b385f12a32b02179892b7fa566844f68c0e478099a2102c7c62/boto3-1.40.48.tar.gz", hash = "sha256:b993bbef91f3796f0ae69b2a310a6cef41a06348ed80961f0ebc804680d8e9a4", size = 111611, upload-time = "2025-10-08T19:24:24.417Z" }
wheels = [
    { url = "https://files.pythonhosted.org/packages/1f/48/e451965569ae420164bd2b59c04eef8320a29f6b4721bfefa82ee1d1dae1/boto3-1.40.48-py3-none-any.whl", hash = "sha256:8a5fb8b5509cd5ddaf3d1d1f0385c974038b47492ca25f3414042676d188f635", size = 139346, upload-time = "2025-10-08T19:24:22.392Z" },
]

[[package]]
name = "botocore"
version = "1.40.48"
source = { registry = "https://pypi.org/simple" }
dependencies = [
    { name = "jmespath" },
    { name = "python-dateutil" },
    { name = "urllib3" },
]
sdist = { url = "https://files.pythonhosted.org/packages/05/20/c71c9417bd2fc37bfef48df1ee8f1178b832ee3c12c4459663dfeb2c00d4/botocore-1.40.48.tar.gz", hash = "sha256:18bed348ce707aa896065b424f36a0b8d542fa6810e9165618e105b1abf34e7e", size = 14403422, upload-time = "2025-10-08T19:24:13.13Z" }
wheels = [
    { url = "https://files.pythonhosted.org/packages/c0/da/1f1427b166880c7820ac362eee7da62f6e24e246c60ea9f0d72d77296ce2/botocore-1.40.48-py3-none-any.whl", hash = "sha256:34795305bb5aa670befcbdc936fd144a0af5db5323d78e7245dbd6aa246bf3db", size = 14073863, upload-time = "2025-10-08T19:24:09.933Z" },
]

[[package]]
name = "image-generation"
version = "0.1.0"
source = { virtual = "." }
dependencies = [
    { name = "boto3" },
]

[package.metadata]
requires-dist = [{ name = "boto3", specifier = ">=1.40.48" }]

[[package]]
name = "jmespath"
version = "1.0.1"
source = { registry = "https://pypi.org/simple" }
sdist = { url = "https://files.pythonhosted.org/packages/00/2a/e867e8531cf3e36b41201936b7fa7ba7b5702dbef42922193f05c8976cd6/jmespath-1.0.1.tar.gz", hash = "sha256:90261b206d6defd58fdd5e85f478bf633a2901798906be2ad389150c5c60edbe", size = 25843, upload-time = "2022-06-17T18:00:12.224Z" }
wheels = [
    { url = "https://files.pythonhosted.org/packages/31/b4/b9b800c45527aadd64d5b442f9b932b00648617eb5d63d2c7a6587b7cafc/jmespath-1.0.1-py3-none-any.whl", hash = "sha256:02e2e4cc71b5bcab88332eebf907519190dd9e6e82107fa7f83b1003a6252980", size = 20256, upload-time = "2022-06-17T18:00:10.251Z" },
]

[[package]]
name = "python-dateutil"
version = "2.9.0.post0"
source = { registry = "https://pypi.org/simple" }
dependencies = [
    { name = "six" },
]
sdist = { url = "https://files.pythonhosted.org/packages/66/c0/0c8b6ad9f17a802ee498c46e004a0eb49bc148f2fd230864601a86dcf6db/python-dateutil-2.9.0.post0.tar.gz", hash = "sha256:37dd54208da7e1cd875388217d5e00ebd4179249f90fb72437e91a35459a0ad3", size = 342432, upload-time = "2024-03-01T18:36:20.211Z" }
wheels = [
    { url = "https://files.pythonhosted.org/packages/ec/57/56b9bcc3c9c6a792fcbaf139543cee77261f3651ca9da0c93f5c1221264b/python_dateutil-2.9.0.post0-py2.py3-none-any.whl", hash = "sha256:a8b2bc7bffae282281c8140a97d3aa9c14da0b136dfe83f850eea9a5f7470427", size = 229892, upload-time = "2024-03-01T18:36:18.57Z" },
]

[[package]]
name = "s3transfer"
version = "0.14.0"
source = { registry = "https://pypi.org/simple" }
dependencies = [
    { name = "botocore" },
]
sdist = { url = "https://files.pythonhosted.org/packages/62/74/8d69dcb7a9efe8baa2046891735e5dfe433ad558ae23d9e3c14c633d1d58/s3transfer-0.14.0.tar.gz", hash = "sha256:eff12264e7c8b4985074ccce27a3b38a485bb7f7422cc8046fee9be4983e4125", size = 151547, upload-time = "2025-09-09T19:23:31.089Z" }
wheels = [
    { url = "https://files.pythonhosted.org/packages/48/f0/ae7ca09223a81a1d890b2557186ea015f6e0502e9b8cb8e1813f1d8cfa4e/s3transfer-0.14.0-py3-none-any.whl", hash = "sha256:ea3b790c7077558ed1f02a3072fb3cb992bbbd253392f4b6e9e8976941c7d456", size = 85712, upload-time = "2025-09-09T19:23:30.041Z" },
]

[[package]]
name = "six"
version = "1.17.0"
source = { registry = "https://pypi.org/simple" }
sdist = { url = "https://files.pythonhosted.org/packages/94/e7/b2c673351809dca68a0e064b6af791aa332cf192da575fd474ed7d6f16a2/six-1.17.0.tar.gz", hash = "sha256:ff70335d468e7eb6ec65b95b99d3a2836546063f63acc5171de367e834932a81", size = 34031, upload-time = "2024-12-04T17:35:28.174Z" }
wheels = [
    { url = "https://files.pythonhosted.org/packages/b7/ce/149a00dd41f10bc29e5921b496af8b574d8413afcd5e30dfa0ed46c2cc5e/six-1.17.0-py2.py3-none-any.whl", hash = "sha256:4721f391ed90541fddacab5acf947aa0d3dc7d27b2e1e8eda2be8970586c3274", size = 11050, upload-time = "2024-12-04T17:35:26.475Z" },
]

[[package]]
name = "urllib3"
version = "2.5.0"
source = { registry = "https://pypi.org/simple" }
sdist = { url = "https://files.pythonhosted.org/packages/15/22/9ee70a2574a4f4599c47dd506532914ce044817c7752a79b6a51286319bc/urllib3-2.5.0.tar.gz", hash = "sha256:3fc47733c7e419d4bc3f6b3dc2b4f890bb743906a30d56ba4a5bfa4bbff92760", size = 393185, upload-time = "2025-06-18T14:07:41.644Z" }
wheels = [
    { url = "https://files.pythonhosted.org/packages/a7/c2/fe1e52489ae3122415c51f387e221dd0773709bad6c6cdaa599e8a2c5185/urllib3-2.5.0-py3-none-any.whl", hash = "sha256:e6b01673c0fa6a13e374b50871808eb3bf7046c4b125b216f6bf1cc604cff0dc", size = 129795, upload-time = "2025-06-18T14:07:40.39Z" },
]
